
Microsoft Visual Studio Solution File, Format Version 12.00
# Visual Studio Version 17
VisualStudioVersion = 17.14.36127.28 d17.14
MinimumVisualStudioVersion = 10.0.40219.1
Project("{FAE04EC0-301F-11D3-BF4B-00C04F79EFBC}") = "WSP_BlazorApp", "WSP_BlazorApp\WSP_BlazorApp.csproj", "{74F3EAC4-5416-4715-9585-CC8D75D0786C}"
EndProject
Global
	GlobalSection(SolutionConfigurationPlatforms) = preSolution
		Debug|Any CPU = Debug|Any CPU
		Release|Any CPU = Release|Any CPU
	EndGlobalSection
	GlobalSection(ProjectConfigurationPlatforms) = postSolution
		{74F3EAC4-5416-4715-9585-CC8D75D0786C}.Debug|Any CPU.ActiveCfg = Debug|Any CPU
		{74F3EAC4-5416-4715-9585-CC8D75D0786C}.Debug|Any CPU.Build.0 = Debug|Any CPU
		{74F3EAC4-5416-4715-9585-CC8D75D0786C}.Release|Any CPU.ActiveCfg = Release|Any CPU
		{74F3EAC4-5416-4715-9585-CC8D75D0786C}.Release|Any CPU.Build.0 = Release|Any CPU
	EndGlobalSection
	GlobalSection(SolutionProperties) = preSolution
		HideSolutionNode = FALSE
	EndGlobalSection
	GlobalSection(ExtensibilityGlobals) = postSolution
		SolutionGuid = {BA2C528A-6302-4C7F-AB11-58AB94376883}
	EndGlobalSection
EndGlobal
